<Solution>
  <Configurations>
    <Platform Name="ARM64" />
    <Platform Name="x64" />
  </Configurations>
  <Project Path="App1/App1.csproj">
    <Platform Solution="*|ARM64" Project="arm64" />
    <Platform Solution="*|x64" Project="x64" />
    <Deploy />
  </Project>
  <Project Path="DanmakuFrostMaster/DanmakuFrostMaster.csproj">
    <Platform Solution="*|ARM64" Project="ARM64" />
    <Platform Solution="*|x64" Project="x64" />
  </Project>
  <Project Path="DanmakuFrostMasterDemo/DanmakuFrostMasterDemo.csproj">
    <Platform Solution="*|ARM64" Project="ARM64" />
    <Platform Solution="*|x64" Project="x64" />
    <Deploy />
  </Project>
  <Project Path="DanmakuFrostMasterXx/DanmakuFrostMasterXx.vcxproj" Id="c5ebbaef-75af-406e-bb2d-17a21ec6bb82" />
</Solution>
